<?xml version="1.0" encoding="utf-8"?>
<Project ToolsVersion="4.0" xmlns="http://schemas.microsoft.com/developer/msbuild/2003">
  <ItemGroup>
    <Filter Include="Source Files">
      <UniqueIdentifier>{67f6dc12-8df7-46ac-823d-bf7a3f8f065d}</UniqueIdentifier>
      <Extensions>cpp;c;cxx;rc;def;r;odl;idl;hpj;bat</Extensions>
    </Filter>
    <Filter Include="Header Files">
      <UniqueIdentifier>{3a91f1d4-d722-42a9-bd86-a95f07f3b950}</UniqueIdentifier>
      <Extensions>h;hpp;hxx;hm;inl</Extensions>
    </Filter>
  </ItemGroup>
  <ItemGroup>
    <ClCompile Include="..\assoc.c">
      <Filter>Source Files</Filter>
    </ClCompile>
    <ClCompile Include="bsd_getopt.c">
      <Filter>Source Files</Filter>
    </ClCompile>
    <ClCompile Include="..\items.c">
      <Filter>Source Files</Filter>
    </ClCompile>
    <ClCompile Include="..\memcached.c">
      <Filter>Source Files</Filter>
    </ClCompile>
    <ClCompile Include="ntservice.c">
      <Filter>Source Files</Filter>
    </ClCompile>
    <ClCompile Include="..\slabs.c">
      <Filter>Source Files</Filter>
    </ClCompile>
    <ClCompile Include="..\stats.c">
      <Filter>Source Files</Filter>
    </ClCompile>
    <ClCompile Include="..\thread.c">
      <Filter>Source Files</Filter>
    </ClCompile>
    <ClCompile Include="win32.c">
      <Filter>Source Files</Filter>
    </ClCompile>
  </ItemGroup>
  <ItemGroup>
    <ResourceCompile Include="memcached.rc">
      <Filter>Source Files</Filter>
    </ResourceCompile>
  </ItemGroup>
  <ItemGroup>
    <ClInclude Include="..\assoc.h">
      <Filter>Header Files</Filter>
    </ClInclude>
    <ClInclude Include="bsd_getopt.h">
      <Filter>Header Files</Filter>
    </ClInclude>
    <ClInclude Include="config.h">
      <Filter>Header Files</Filter>
    </ClInclude>
    <ClInclude Include="..\items.h">
      <Filter>Header Files</Filter>
    </ClInclude>
    <ClInclude Include="..\memcached.h">
      <Filter>Header Files</Filter>
    </ClInclude>
    <ClInclude Include="ntservice.h">
      <Filter>Header Files</Filter>
    </ClInclude>
    <ClInclude Include="..\slabs.h">
      <Filter>Header Files</Filter>
    </ClInclude>
    <ClInclude Include="..\stats.h">
      <Filter>Header Files</Filter>
    </ClInclude>
    <ClInclude Include="win32.h">
      <Filter>Header Files</Filter>
    </ClInclude>
  </ItemGroup>
</Project>